<?xml version="1.0"?>
<plist version="1.0">
	<dict>
		<key>archiveVersion</key>
		<string>1</string>
		<key>classes</key>
		<dict />
		<key>objectVersion</key>
		<string>46</string>
		<key>objects</key>
		<dict>
			<key>6E5D01C0009E45908C05AC33</key>
			<dict>
				<key>children</key>
				<array>
					<string>35D32716F14E3E18BA93703F</string>
				</array>
				<key>isa</key>
				<string>PBXGroup</string>
				<key>name</key>
				<string>frameworks</string>
				<key>sourceTree</key>
				<string>&lt;group&gt;</string>
			</dict>
			<key>B3ACFAB69F9C4AC9F6E8577E</key>
			<dict>
				<key>fileRef</key>
				<string>35D32716F14E3E18BA93703F</string>
				<key>isa</key>
				<string>PBXBuildFile</string>
			</dict>
			<key>35D32716F14E3E18BA93703F</key>
			<dict>
				<key>lastKnownFileType</key>
				<string>wrapper.framework</string>
				<key>isa</key>
				<string>PBXFileReference</string>
				<key>name</key>
				<string>OpenCL.framework</string>
				<key>path</key>
				<string>/System/Library/Frameworks/OpenCL.framework</string>
				<key>sourceTree</key>
				<string>&lt;group&gt;</string>
			</dict>
			<key>4D6FE7407EDA4C8D3343BA9F</key>
			<dict>
				<key>explicitFileType</key>
				<string>sourcecode.c.h</string>
				<key>fileEncoding</key>
				<string>30</string>
				<key>isa</key>
				<string>PBXFileReference</string>
				<key>name</key>
				<string>ofRGBPacketProcessor.h</string>
				<key>path</key>
				<string>../../../addons/ofxKinectV2-master/libs/protonect/ofRGBPacketProcessor.h</string>
				<key>sourceTree</key>
				<string>SOURCE_ROOT</string>
			</dict>
			<key>1C04B1FA66F910639D2A5F31</key>
			<dict>
				<key>fileRef</key>
				<string>3F3E28CAA774D1E14CD80691</string>
				<key>isa</key>
				<string>PBXBuildFile</string>
			</dict>
			<key>3F3E28CAA774D1E14CD80691</key>
			<dict>
				<key>explicitFileType</key>
				<string>sourcecode.cpp.cpp</string>
				<key>fileEncoding</key>
				<string>30</string>
				<key>isa</key>
				<string>PBXFileReference</string>
				<key>name</key>
				<string>ofRGBPacketProcessor.cpp</string>
				<key>path</key>
				<string>../../../addons/ofxKinectV2-master/libs/protonect/ofRGBPacketProcessor.cpp</string>
				<key>sourceTree</key>
				<string>SOURCE_ROOT</string>
			</dict>
			<key>D05E9E94103F5D41EDAA6CE9</key>
			<dict>
				<key>explicitFileType</key>
				<string>sourcecode.c.h</string>
				<key>fileEncoding</key>
				<string>30</string>
				<key>isa</key>
				<string>PBXFileReference</string>
				<key>name</key>
				<string>ofProtonect.h</string>
				<key>path</key>
				<string>../../../addons/ofxKinectV2-master/libs/protonect/ofProtonect.h</string>
				<key>sourceTree</key>
				<string>SOURCE_ROOT</string>
			</dict>
			<key>18DC4A0AD2F4AA2F0B2BC960</key>
			<dict>
				<key>children</key>
				<array>
					<string>6203F5661761F9E055A4948D</string>
					<string>D05E9E94103F5D41EDAA6CE9</string>
					<string>3F3E28CAA774D1E14CD80691</string>
					<string>4D6FE7407EDA4C8D3343BA9F</string>
				</array>
				<key>isa</key>
				<string>PBXGroup</string>
				<key>name</key>
				<string>protonect</string>
				<key>sourceTree</key>
				<string>&lt;group&gt;</string>
			</dict>
			<key>B2407B13242AD103BC102E41</key>
			<dict>
				<key>fileRef</key>
				<string>6203F5661761F9E055A4948D</string>
				<key>isa</key>
				<string>PBXBuildFile</string>
			</dict>
			<key>6203F5661761F9E055A4948D</key>
			<dict>
				<key>explicitFileType</key>
				<string>sourcecode.cpp.cpp</string>
				<key>fileEncoding</key>
				<string>30</string>
				<key>isa</key>
				<string>PBXFileReference</string>
				<key>name</key>
				<string>ofProtonect.cpp</string>
				<key>path</key>
				<string>../../../addons/ofxKinectV2-master/libs/protonect/ofProtonect.cpp</string>
				<key>sourceTree</key>
				<string>SOURCE_ROOT</string>
			</dict>
			<key>27E2A394DFF3CA1344AC81F4</key>
			<dict>
				<key>explicitFileType</key>
				<string>sourcecode.c.h</string>
				<key>fileEncoding</key>
				<string>30</string>
				<key>isa</key>
				<string>PBXFileReference</string>
				<key>name</key>
				<string>version_nano.h</string>
				<key>path</key>
				<string>../../../addons/ofxKinectV2-master/libs/libusb/include/libusb/version_nano.h</string>
				<key>sourceTree</key>
				<string>SOURCE_ROOT</string>
			</dict>
			<key>5A76736C274A829B48D13D4C</key>
			<dict>
				<key>explicitFileType</key>
				<string>sourcecode.c.h</string>
				<key>fileEncoding</key>
				<string>30</string>
				<key>isa</key>
				<string>PBXFileReference</string>
				<key>name</key>
				<string>version.h</string>
				<key>path</key>
				<string>../../../addons/ofxKinectV2-master/libs/libusb/include/libusb/version.h</string>
				<key>sourceTree</key>
				<string>SOURCE_ROOT</string>
			</dict>
			<key>2090B3270E261310B057FABC</key>
			<dict>
				<key>explicitFileType</key>
				<string>sourcecode.c.h</string>
				<key>fileEncoding</key>
				<string>30</string>
				<key>isa</key>
				<string>PBXFileReference</string>
				<key>name</key>
				<string>windows_usb.h</string>
				<key>path</key>
				<string>../../../addons/ofxKinectV2-master/libs/libusb/include/libusb/os/windows_usb.h</string>
				<key>sourceTree</key>
				<string>SOURCE_ROOT</string>
			</dict>
			<key>7F26FB8C9712E4022E645260</key>
			<dict>
				<key>explicitFileType</key>
				<string>sourcecode.c.h</string>
				<key>fileEncoding</key>
				<string>30</string>
				<key>isa</key>
				<string>PBXFileReference</string>
				<key>name</key>
				<string>windows_common.h</string>
				<key>path</key>
				<string>../../../addons/ofxKinectV2-master/libs/libusb/include/libusb/os/windows_common.h</string>
				<key>sourceTree</key>
				<string>SOURCE_ROOT</string>
			</dict>
			<key>A8FDB638A39F54CFA6AA9EA3</key>
			<dict>
				<key>explicitFileType</key>
				<string>sourcecode.c.h</string>
				<key>fileEncoding</key>
				<string>30</string>
				<key>isa</key>
				<string>PBXFileReference</string>
				<key>name</key>
				<string>wince_usb.h</string>
				<key>path</key>
				<string>../../../addons/ofxKinectV2-master/libs/libusb/include/libusb/os/wince_usb.h</string>
				<key>sourceTree</key>
				<string>SOURCE_ROOT</string>
			</dict>
			<key>F5C47757FDB28659F60E8024</key>
			<dict>
				<key>explicitFileType</key>
				<string>sourcecode.c.h</string>
				<key>fileEncoding</key>
				<string>30</string>
				<key>isa</key>
				<string>PBXFileReference</string>
				<key>name</key>
				<string>threads_windows.h</string>
				<key>path</key>
				<string>../../../addons/ofxKinectV2-master/libs/libusb/include/libusb/os/threads_windows.h</string>
				<key>sourceTree</key>
				<string>SOURCE_ROOT</string>
			</dict>
			<key>232F77B5EC06C7C51CF42857</key>
			<dict>
				<key>explicitFileType</key>
				<string>sourcecode.c.h</string>
				<key>fileEncoding</key>
				<string>30</string>
				<key>isa</key>
				<string>PBXFileReference</string>
				<key>name</key>
				<string>threads_posix.h</string>
				<key>path</key>
				<string>../../../addons/ofxKinectV2-master/libs/libusb/include/libusb/os/threads_posix.h</string>
				<key>sourceTree</key>
				<string>SOURCE_ROOT</string>
			</dict>
			<key>8DBA9DCED41B437B1DE1ED90</key>
			<dict>
				<key>explicitFileType</key>
				<string>sourcecode.c.h</string>
				<key>fileEncoding</key>
				<string>30</string>
				<key>isa</key>
				<string>PBXFileReference</string>
				<key>name</key>
				<string>poll_windows.h</string>
				<key>path</key>
				<string>../../../addons/ofxKinectV2-master/libs/libusb/include/libusb/os/poll_windows.h</string>
				<key>sourceTree</key>
				<string>SOURCE_ROOT</string>
			</dict>
			<key>886C2001DD42CD2D98F120C3</key>
			<dict>
				<key>explicitFileType</key>
				<string>sourcecode.c.h</string>
				<key>fileEncoding</key>
				<string>30</string>
				<key>isa</key>
				<string>PBXFileReference</string>
				<key>name</key>
				<string>poll_posix.h</string>
				<key>path</key>
				<string>../../../addons/ofxKinectV2-master/libs/libusb/include/libusb/os/poll_posix.h</string>
				<key>sourceTree</key>
				<string>SOURCE_ROOT</string>
			</dict>
			<key>935F7D6062F8ABA17F3313E0</key>
			<dict>
				<key>explicitFileType</key>
				<string>sourcecode.c.h</string>
				<key>fileEncoding</key>
				<string>30</string>
				<key>isa</key>
				<string>PBXFileReference</string>
				<key>name</key>
				<string>linux_usbfs.h</string>
				<key>path</key>
				<string>../../../addons/ofxKinectV2-master/libs/libusb/include/libusb/os/linux_usbfs.h</string>
				<key>sourceTree</key>
				<string>SOURCE_ROOT</string>
			</dict>
			<key>F273BCEB7995BEB2C8B97E0E</key>
			<dict>
				<key>children</key>
				<array>
					<string>69F43CE75C258FC928D70138</string>
					<string>935F7D6062F8ABA17F3313E0</string>
					<string>886C2001DD42CD2D98F120C3</string>
					<string>8DBA9DCED41B437B1DE1ED90</string>
					<string>232F77B5EC06C7C51CF42857</string>
					<string>F5C47757FDB28659F60E8024</string>
					<string>A8FDB638A39F54CFA6AA9EA3</string>
					<string>7F26FB8C9712E4022E645260</string>
					<string>2090B3270E261310B057FABC</string>
				</array>
				<key>isa</key>
				<string>PBXGroup</string>
				<key>name</key>
				<string>os</string>
				<key>sourceTree</key>
				<string>&lt;group&gt;</string>
			</dict>
			<key>69F43CE75C258FC928D70138</key>
			<dict>
				<key>explicitFileType</key>
				<string>sourcecode.c.h</string>
				<key>fileEncoding</key>
				<string>30</string>
				<key>isa</key>
				<string>PBXFileReference</string>
				<key>name</key>
				<string>darwin_usb.h</string>
				<key>path</key>
				<string>../../../addons/ofxKinectV2-master/libs/libusb/include/libusb/os/darwin_usb.h</string>
				<key>sourceTree</key>
				<string>SOURCE_ROOT</string>
			</dict>
			<key>37B46313EC8968987FB10670</key>
			<dict>
				<key>explicitFileType</key>
				<string>sourcecode.c.h</string>
				<key>fileEncoding</key>
				<string>30</string>
				<key>isa</key>
				<string>PBXFileReference</string>
				<key>name</key>
				<string>libusbi.h</string>
				<key>path</key>
				<string>../../../addons/ofxKinectV2-master/libs/libusb/include/libusb/libusbi.h</string>
				<key>sourceTree</key>
				<string>SOURCE_ROOT</string>
			</dict>
			<key>7DAD285906D43CA4E8AE6F58</key>
			<dict>
				<key>explicitFileType</key>
				<string>sourcecode.c.h</string>
				<key>fileEncoding</key>
				<string>30</string>
				<key>isa</key>
				<string>PBXFileReference</string>
				<key>name</key>
				<string>libusb.h</string>
				<key>path</key>
				<string>../../../addons/ofxKinectV2-master/libs/libusb/include/libusb/libusb.h</string>
				<key>sourceTree</key>
				<string>SOURCE_ROOT</string>
			</dict>
			<key>B7219CF733C9C86BEC37F277</key>
			<dict>
				<key>children</key>
				<array>
					<string>39FAE11DEC10ED594BBFF54D</string>
					<string>7DAD285906D43CA4E8AE6F58</string>
					<string>37B46313EC8968987FB10670</string>
					<string>F273BCEB7995BEB2C8B97E0E</string>
					<string>5A76736C274A829B48D13D4C</string>
					<string>27E2A394DFF3CA1344AC81F4</string>
				</array>
				<key>isa</key>
				<string>PBXGroup</string>
				<key>name</key>
				<string>libusb</string>
				<key>sourceTree</key>
				<string>&lt;group&gt;</string>
			</dict>
			<key>8459A49D96D70CA1E6790B0F</key>
			<dict>
				<key>children</key>
				<array>
					<string>B7219CF733C9C86BEC37F277</string>
				</array>
				<key>isa</key>
				<string>PBXGroup</string>
				<key>name</key>
				<string>include</string>
				<key>sourceTree</key>
				<string>&lt;group&gt;</string>
			</dict>
			<key>41C41ED3289B371E3EE85E7D</key>
			<dict>
				<key>children</key>
				<array>
					<string>8459A49D96D70CA1E6790B0F</string>
				</array>
				<key>isa</key>
				<string>PBXGroup</string>
				<key>name</key>
				<string>libusb</string>
				<key>sourceTree</key>
				<string>&lt;group&gt;</string>
			</dict>
			<key>39FAE11DEC10ED594BBFF54D</key>
			<dict>
				<key>explicitFileType</key>
				<string>sourcecode.c.h</string>
				<key>fileEncoding</key>
				<string>30</string>
				<key>isa</key>
				<string>PBXFileReference</string>
				<key>name</key>
				<string>hotplug.h</string>
				<key>path</key>
				<string>../../../addons/ofxKinectV2-master/libs/libusb/include/libusb/hotplug.h</string>
				<key>sourceTree</key>
				<string>SOURCE_ROOT</string>
			</dict>
			<key>7D7E1D43D116D99929CA4AB5</key>
			<dict>
				<key>fileRef</key>
				<string>18BBEB481F6CB42AC7DBB8A2</string>
				<key>isa</key>
				<string>PBXBuildFile</string>
			</dict>
			<key>18BBEB481F6CB42AC7DBB8A2</key>
			<dict>
				<key>explicitFileType</key>
				<string>sourcecode.cpp.cpp</string>
				<key>fileEncoding</key>
				<string>30</string>
				<key>isa</key>
				<string>PBXFileReference</string>
				<key>name</key>
				<string>usb_control.cpp</string>
				<key>path</key>
				<string>../../../addons/ofxKinectV2-master/libs/libfreenect2/src/usb_control.cpp</string>
				<key>sourceTree</key>
				<string>SOURCE_ROOT</string>
			</dict>
			<key>96CB78F91935AD5B9872EEEF</key>
			<dict>
				<key>fileRef</key>
				<string>922486C9872AF6978DCFB6A2</string>
				<key>isa</key>
				<string>PBXBuildFile</string>
			</dict>
			<key>922486C9872AF6978DCFB6A2</key>
			<dict>
				<key>explicitFileType</key>
				<string>sourcecode.cpp.cpp</string>
				<key>fileEncoding</key>
				<string>30</string>
				<key>isa</key>
				<string>PBXFileReference</string>
				<key>name</key>
				<string>transfer_pool.cpp</string>
				<key>path</key>
				<string>../../../addons/ofxKinectV2-master/libs/libfreenect2/src/transfer_pool.cpp</string>
				<key>sourceTree</key>
				<string>SOURCE_ROOT</string>
			</dict>
			<key>7C0D559196E4C46BF35F79DB</key>
			<dict>
				<key>fileRef</key>
				<string>0752984C0F0DDC2DBDEA39C7</string>
				<key>isa</key>
				<string>PBXBuildFile</string>
			</dict>
			<key>0752984C0F0DDC2DBDEA39C7</key>
			<dict>
				<key>explicitFileType</key>
				<string>sourcecode.cpp.cpp</string>
				<key>fileEncoding</key>
				<string>30</string>
				<key>isa</key>
				<string>PBXFileReference</string>
				<key>name</key>
				<string>rgb_packet_stream_parser.cpp</string>
				<key>path</key>
				<string>../../../addons/ofxKinectV2-master/libs/libfreenect2/src/rgb_packet_stream_parser.cpp</string>
				<key>sourceTree</key>
				<string>SOURCE_ROOT</string>
			</dict>
			<key>F9B676A54264E72459C74A41</key>
			<dict>
				<key>fileRef</key>
				<string>A042032B1819538FEB3196E3</string>
				<key>isa</key>
				<string>PBXBuildFile</string>
			</dict>
			<key>A042032B1819538FEB3196E3</key>
			<dict>
				<key>explicitFileType</key>
				<string>sourcecode.cpp.cpp</string>
				<key>fileEncoding</key>
				<string>30</string>
				<key>isa</key>
				<string>PBXFileReference</string>
				<key>name</key>
				<string>rgb_packet_processor.cpp</string>
				<key>path</key>
				<string>../../../addons/ofxKinectV2-master/libs/libfreenect2/src/rgb_packet_processor.cpp</string>
				<key>sourceTree</key>
				<string>SOURCE_ROOT</string>
			</dict>
			<key>B012BE6B4F25875FA6CD14C6</key>
			<dict>
				<key>fileRef</key>
				<string>1377B7A6FEB39E1CDF06783B</string>
				<key>isa</key>
				<string>PBXBuildFile</string>
			</dict>
			<key>1377B7A6FEB39E1CDF06783B</key>
			<dict>
				<key>explicitFileType</key>
				<string>sourcecode.cpp.cpp</string>
				<key>fileEncoding</key>
				<string>30</string>
				<key>isa</key>
				<string>PBXFileReference</string>
				<key>name</key>
				<string>resource.cpp</string>
				<key>path</key>
				<string>../../../addons/ofxKinectV2-master/libs/libfreenect2/src/resource.cpp</string>
				<key>sourceTree</key>
				<string>SOURCE_ROOT</string>
			</dict>
			<key>AFD47AA6F84191F461623F1C</key>
			<dict>
				<key>fileRef</key>
				<string>78ADFEA75985370112F5D938</string>
				<key>isa</key>
				<string>PBXBuildFile</string>
			</dict>
			<key>78ADFEA75985370112F5D938</key>
			<dict>
				<key>explicitFileType</key>
				<string>sourcecode.cpp.cpp</string>
				<key>fileEncoding</key>
				<string>30</string>
				<key>isa</key>
				<string>PBXFileReference</string>
				<key>name</key>
				<string>registration.cpp</string>
				<key>path</key>
				<string>../../../addons/ofxKinectV2-master/libs/libfreenect2/src/registration.cpp</string>
				<key>sourceTree</key>
				<string>SOURCE_ROOT</string>
			</dict>
			<key>75B103DB3C5EE237DD2B198C</key>
			<dict>
				<key>fileRef</key>
				<string>4E768762A4DEAC1E193FBFF5</string>
				<key>isa</key>
				<string>PBXBuildFile</string>
			</dict>
			<key>4E768762A4DEAC1E193FBFF5</key>
			<dict>
				<key>explicitFileType</key>
				<string>sourcecode.cpp.cpp</string>
				<key>fileEncoding</key>
				<string>30</string>
				<key>isa</key>
				<string>PBXFileReference</string>
				<key>name</key>
				<string>packet_pipeline.cpp</string>
				<key>path</key>
				<string>../../../addons/ofxKinectV2-master/libs/libfreenect2/src/packet_pipeline.cpp</string>
				<key>sourceTree</key>
				<string>SOURCE_ROOT</string>
			</dict>
			<key>C538D113EB010AA7C9E5DEEF</key>
			<dict>
				<key>fileRef</key>
				<string>07A6D3D9D462BB0D00E2DD11</string>
				<key>isa</key>
				<string>PBXBuildFile</string>
			</dict>
			<key>07A6D3D9D462BB0D00E2DD11</key>
			<dict>
				<key>explicitFileType</key>
				<string>sourcecode.cpp.cpp</string>
				<key>fileEncoding</key>
				<string>30</string>
				<key>isa</key>
				<string>PBXFileReference</string>
				<key>name</key>
				<string>opengl_depth_packet_processor.cpp</string>
				<key>path</key>
				<string>../../../addons/ofxKinectV2-master/libs/libfreenect2/src/opengl_depth_packet_processor.cpp</string>
				<key>sourceTree</key>
				<string>SOURCE_ROOT</string>
			</dict>
			<key>6A5604F4FCAA409FC159609B</key>
			<dict>
				<key>fileRef</key>
				<string>40C6297726C1C6B09179C0ED</string>
				<key>isa</key>
				<string>PBXBuildFile</string>
			</dict>
			<key>40C6297726C1C6B09179C0ED</key>
			<dict>
				<key>explicitFileType</key>
				<string>sourcecode.cpp.cpp</string>
				<key>fileEncoding</key>
				<string>30</string>
				<key>isa</key>
				<string>PBXFileReference</string>
				<key>name</key>
				<string>opencl_depth_packet_processor.cpp</string>
				<key>path</key>
				<string>../../../addons/ofxKinectV2-master/libs/libfreenect2/src/opencl_depth_packet_processor.cpp</string>
				<key>sourceTree</key>
				<string>SOURCE_ROOT</string>
			</dict>
			<key>DA92C367E168E501EC20BD04</key>
			<dict>
				<key>fileRef</key>
				<string>54833361C59837CD63B591ED</string>
				<key>isa</key>
				<string>PBXBuildFile</string>
			</dict>
			<key>54833361C59837CD63B591ED</key>
			<dict>
				<key>explicitFileType</key>
				<string>sourcecode.cpp.cpp</string>
				<key>fileEncoding</key>
				<string>30</string>
				<key>isa</key>
				<string>PBXFileReference</string>
				<key>name</key>
				<string>logging.cpp</string>
				<key>path</key>
				<string>../../../addons/ofxKinectV2-master/libs/libfreenect2/src/logging.cpp</string>
				<key>sourceTree</key>
				<string>SOURCE_ROOT</string>
			</dict>
			<key>379D33DF9DA723E0D149EA07</key>
			<dict>
				<key>fileRef</key>
				<string>FF9431EB2ECAF58D9965C267</string>
				<key>isa</key>
				<string>PBXBuildFile</string>
			</dict>
			<key>FF9431EB2ECAF58D9965C267</key>
			<dict>
				<key>explicitFileType</key>
				<string>sourcecode.cpp.cpp</string>
				<key>fileEncoding</key>
				<string>30</string>
				<key>isa</key>
				<string>PBXFileReference</string>
				<key>name</key>
				<string>libfreenect2.cpp</string>
				<key>path</key>
				<string>../../../addons/ofxKinectV2-master/libs/libfreenect2/src/libfreenect2.cpp</string>
				<key>sourceTree</key>
				<string>SOURCE_ROOT</string>
			</dict>
			<key>F823A17136D7347519887FF3</key>
			<dict>
				<key>fileRef</key>
				<string>4A98BD68103447B683D3B1E4</string>
				<key>isa</key>
				<string>PBXBuildFile</string>
			</dict>
			<key>4A98BD68103447B683D3B1E4</key>
			<dict>
				<key>explicitFileType</key>
				<string>sourcecode.cpp.cpp</string>
				<key>fileEncoding</key>
				<string>30</string>
				<key>isa</key>
				<string>PBXFileReference</string>
				<key>name</key>
				<string>frame_listener_impl.cpp</string>
				<key>path</key>
				<string>../../../addons/ofxKinectV2-master/libs/libfreenect2/src/frame_listener_impl.cpp</string>
				<key>sourceTree</key>
				<string>SOURCE_ROOT</string>
			</dict>
			<key>624A6C91E360C492241352D4</key>
			<dict>
				<key>explicitFileType</key>
				<string>sourcecode.c.h</string>
				<key>fileEncoding</key>
				<string>30</string>
				<key>isa</key>
				<string>PBXFileReference</string>
				<key>name</key>
				<string>flextGL.h</string>
				<key>path</key>
				<string>../../../addons/ofxKinectV2-master/libs/libfreenect2/src/flextGL.h</string>
				<key>sourceTree</key>
				<string>SOURCE_ROOT</string>
			</dict>
			<key>E0946D0B1CBE41522D9AB0A8</key>
			<dict>
				<key>fileRef</key>
				<string>137C0F6CF414FCE7553EBF58</string>
				<key>isa</key>
				<string>PBXBuildFile</string>
			</dict>
			<key>137C0F6CF414FCE7553EBF58</key>
			<dict>
				<key>explicitFileType</key>
				<string>sourcecode.cpp.cpp</string>
				<key>fileEncoding</key>
				<string>30</string>
				<key>isa</key>
				<string>PBXFileReference</string>
				<key>name</key>
				<string>flextGL.cpp</string>
				<key>path</key>
				<string>../../../addons/ofxKinectV2-master/libs/libfreenect2/src/flextGL.cpp</string>
				<key>sourceTree</key>
				<string>SOURCE_ROOT</string>
			</dict>
			<key>F8141376A8927EC3F3E777D2</key>
			<dict>
				<key>fileRef</key>
				<string>8249D4620B69B5E380E66F61</string>
				<key>isa</key>
				<string>PBXBuildFile</string>
			</dict>
			<key>8249D4620B69B5E380E66F61</key>
			<dict>
				<key>explicitFileType</key>
				<string>sourcecode.cpp.cpp</string>
				<key>fileEncoding</key>
				<string>30</string>
				<key>isa</key>
				<string>PBXFileReference</string>
				<key>name</key>
				<string>event_loop.cpp</string>
				<key>path</key>
				<string>../../../addons/ofxKinectV2-master/libs/libfreenect2/src/event_loop.cpp</string>
				<key>sourceTree</key>
				<string>SOURCE_ROOT</string>
			</dict>
			<key>632EE2772BF713064DD21781</key>
			<dict>
				<key>fileRef</key>
				<string>E8E0370B3E42A029DC671F26</string>
				<key>isa</key>
				<string>PBXBuildFile</string>
			</dict>
			<key>E8E0370B3E42A029DC671F26</key>
			<dict>
				<key>explicitFileType</key>
				<string>sourcecode.cpp.cpp</string>
				<key>fileEncoding</key>
				<string>30</string>
				<key>isa</key>
				<string>PBXFileReference</string>
				<key>name</key>
				<string>double_buffer.cpp</string>
				<key>path</key>
				<string>../../../addons/ofxKinectV2-master/libs/libfreenect2/src/double_buffer.cpp</string>
				<key>sourceTree</key>
				<string>SOURCE_ROOT</string>
			</dict>
			<key>A61E8589A7753C816CB0D5CD</key>
			<dict>
				<key>fileRef</key>
				<string>BD3C5EC05293D614D764A0E8</string>
				<key>isa</key>
				<string>PBXBuildFile</string>
			</dict>
			<key>BD3C5EC05293D614D764A0E8</key>
			<dict>
				<key>explicitFileType</key>
				<string>sourcecode.cpp.cpp</string>
				<key>fileEncoding</key>
				<string>30</string>
				<key>isa</key>
				<string>PBXFileReference</string>
				<key>name</key>
				<string>depth_packet_stream_parser.cpp</string>
				<key>path</key>
				<string>../../../addons/ofxKinectV2-master/libs/libfreenect2/src/depth_packet_stream_parser.cpp</string>
				<key>sourceTree</key>
				<string>SOURCE_ROOT</string>
			</dict>
			<key>4D3784C145D3397875635436</key>
			<dict>
				<key>fileRef</key>
				<string>E69A3A4C2FFCEFF0A6500F45</string>
				<key>isa</key>
				<string>PBXBuildFile</string>
			</dict>
			<key>E69A3A4C2FFCEFF0A6500F45</key>
			<dict>
				<key>explicitFileType</key>
				<string>sourcecode.cpp.cpp</string>
				<key>fileEncoding</key>
				<string>30</string>
				<key>isa</key>
				<string>PBXFileReference</string>
				<key>name</key>
				<string>depth_packet_processor.cpp</string>
				<key>path</key>
				<string>../../../addons/ofxKinectV2-master/libs/libfreenect2/src/depth_packet_processor.cpp</string>
				<key>sourceTree</key>
				<string>SOURCE_ROOT</string>
			</dict>
			<key>D9768D3305D27BE58F4539A7</key>
			<dict>
				<key>fileRef</key>
				<string>D7CC64ACD7F87FF3887D4DE5</string>
				<key>isa</key>
				<string>PBXBuildFile</string>
			</dict>
			<key>D7CC64ACD7F87FF3887D4DE5</key>
			<dict>
				<key>explicitFileType</key>
				<string>sourcecode.cpp.cpp</string>
				<key>fileEncoding</key>
				<string>30</string>
				<key>isa</key>
				<string>PBXFileReference</string>
				<key>name</key>
				<string>cpu_depth_packet_processor.cpp</string>
				<key>path</key>
				<string>../../../addons/ofxKinectV2-master/libs/libfreenect2/src/cpu_depth_packet_processor.cpp</string>
				<key>sourceTree</key>
				<string>SOURCE_ROOT</string>
			</dict>
			<key>F46066062267EA2FB26EE4C2</key>
			<dict>
				<key>children</key>
				<array>
					<string>40AD1B83643B9C3E3F929183</string>
					<string>D7CC64ACD7F87FF3887D4DE5</string>
					<string>E69A3A4C2FFCEFF0A6500F45</string>
					<string>BD3C5EC05293D614D764A0E8</string>
					<string>E8E0370B3E42A029DC671F26</string>
					<string>8249D4620B69B5E380E66F61</string>
					<string>137C0F6CF414FCE7553EBF58</string>
					<string>624A6C91E360C492241352D4</string>
					<string>4A98BD68103447B683D3B1E4</string>
					<string>FF9431EB2ECAF58D9965C267</string>
					<string>54833361C59837CD63B591ED</string>
					<string>40C6297726C1C6B09179C0ED</string>
					<string>07A6D3D9D462BB0D00E2DD11</string>
					<string>4E768762A4DEAC1E193FBFF5</string>
					<string>78ADFEA75985370112F5D938</string>
					<string>1377B7A6FEB39E1CDF06783B</string>
					<string>A042032B1819538FEB3196E3</string>
					<string>0752984C0F0DDC2DBDEA39C7</string>
					<string>922486C9872AF6978DCFB6A2</string>
					<string>18BBEB481F6CB42AC7DBB8A2</string>
				</array>
				<key>isa</key>
				<string>PBXGroup</string>
				<key>name</key>
				<string>src</string>
				<key>sourceTree</key>
				<string>&lt;group&gt;</string>
			</dict>
			<key>0F5BE0392E5E7F774D21B45A</key>
			<dict>
				<key>fileRef</key>
				<string>40AD1B83643B9C3E3F929183</string>
				<key>isa</key>
				<string>PBXBuildFile</string>
			</dict>
			<key>40AD1B83643B9C3E3F929183</key>
			<dict>
				<key>explicitFileType</key>
				<string>sourcecode.cpp.cpp</string>
				<key>fileEncoding</key>
				<string>30</string>
				<key>isa</key>
				<string>PBXFileReference</string>
				<key>name</key>
				<string>command_transaction.cpp</string>
				<key>path</key>
				<string>../../../addons/ofxKinectV2-master/libs/libfreenect2/src/command_transaction.cpp</string>
				<key>sourceTree</key>
				<string>SOURCE_ROOT</string>
			</dict>
			<key>67F717CFE13B749E376DD24B</key>
			<dict>
				<key>explicitFileType</key>
				<string>sourcecode.c.h</string>
				<key>fileEncoding</key>
				<string>30</string>
				<key>isa</key>
				<string>PBXFileReference</string>
				<key>name</key>
				<string>rgb_packet_processor.h</string>
				<key>path</key>
				<string>../../../addons/ofxKinectV2-master/libs/libfreenect2/include/libfreenect2/rgb_packet_processor.h</string>
				<key>sourceTree</key>
				<string>SOURCE_ROOT</string>
			</dict>
			<key>11DB3742A6D933BAABA95FEA</key>
			<dict>
				<key>explicitFileType</key>
				<string>sourcecode.c.h</string>
				<key>fileEncoding</key>
				<string>30</string>
				<key>isa</key>
				<string>PBXFileReference</string>
				<key>name</key>
				<string>registration.h</string>
				<key>path</key>
				<string>../../../addons/ofxKinectV2-master/libs/libfreenect2/include/libfreenect2/registration.h</string>
				<key>sourceTree</key>
				<string>SOURCE_ROOT</string>
			</dict>
			<key>401F8037FE67395AC3D091F2</key>
			<dict>
				<key>explicitFileType</key>
				<string>sourcecode.c.h</string>
				<key>fileEncoding</key>
				<string>30</string>
				<key>isa</key>
				<string>PBXFileReference</string>
				<key>name</key>
				<string>packet_processor.h</string>
				<key>path</key>
				<string>../../../addons/ofxKinectV2-master/libs/libfreenect2/include/libfreenect2/packet_processor.h</string>
				<key>sourceTree</key>
				<string>SOURCE_ROOT</string>
			</dict>
			<key>9BA23A41780B459DE4B63C7A</key>
			<dict>
				<key>explicitFileType</key>
				<string>sourcecode.c.h</string>
				<key>fileEncoding</key>
				<string>30</string>
				<key>isa</key>
				<string>PBXFileReference</string>
				<key>name</key>
				<string>packet_pipeline.h</string>
				<key>path</key>
				<string>../../../addons/ofxKinectV2-master/libs/libfreenect2/include/libfreenect2/packet_pipeline.h</string>
				<key>sourceTree</key>
				<string>SOURCE_ROOT</string>
			</dict>
			<key>66B1F4B6B7D13B037DA76999</key>
			<dict>
				<key>explicitFileType</key>
				<string>sourcecode.c.h</string>
				<key>fileEncoding</key>
				<string>30</string>
				<key>isa</key>
				<string>PBXFileReference</string>
				<key>name</key>
				<string>logger.h</string>
				<key>path</key>
				<string>../../../addons/ofxKinectV2-master/libs/libfreenect2/include/libfreenect2/logger.h</string>
				<key>sourceTree</key>
				<string>SOURCE_ROOT</string>
			</dict>
			<key>CF172FAD911034A38ECA271E</key>
			<dict>
				<key>explicitFileType</key>
				<string>sourcecode.c.h</string>
				<key>fileEncoding</key>
				<string>30</string>
				<key>isa</key>
				<string>PBXFileReference</string>
				<key>name</key>
				<string>libfreenect2.hpp</string>
				<key>path</key>
				<string>../../../addons/ofxKinectV2-master/libs/libfreenect2/include/libfreenect2/libfreenect2.hpp</string>
				<key>sourceTree</key>
				<string>SOURCE_ROOT</string>
			</dict>
			<key>30FBB714BBD57DDDFDFB56CA</key>
			<dict>
				<key>explicitFileType</key>
				<string>sourcecode.c.h</string>
				<key>fileEncoding</key>
				<string>30</string>
				<key>isa</key>
				<string>PBXFileReference</string>
				<key>name</key>
				<string>frame_listener_impl.h</string>
				<key>path</key>
				<string>../../../addons/ofxKinectV2-master/libs/libfreenect2/include/libfreenect2/frame_listener_impl.h</string>
				<key>sourceTree</key>
				<string>SOURCE_ROOT</string>
			</dict>
			<key>3C5AB478388572C231E14A60</key>
			<dict>
				<key>explicitFileType</key>
				<string>sourcecode.c.h</string>
				<key>fileEncoding</key>
				<string>30</string>
				<key>isa</key>
				<string>PBXFileReference</string>
				<key>name</key>
				<string>frame_listener.hpp</string>
				<key>path</key>
				<string>../../../addons/ofxKinectV2-master/libs/libfreenect2/include/libfreenect2/frame_listener.hpp</string>
				<key>sourceTree</key>
				<string>SOURCE_ROOT</string>
			</dict>
			<key>53CFE11FB6BD23AF44B85336</key>
			<dict>
				<key>explicitFileType</key>
				<string>sourcecode.c.h</string>
				<key>fileEncoding</key>
				<string>30</string>
				<key>isa</key>
				<string>PBXFileReference</string>
				<key>name</key>
				<string>depth_packet_processor.h</string>
				<key>path</key>
				<string>../../../addons/ofxKinectV2-master/libs/libfreenect2/include/libfreenect2/depth_packet_processor.h</string>
				<key>sourceTree</key>
				<string>SOURCE_ROOT</string>
			</dict>
			<key>DB6A4A502E3DADCA5296E765</key>
			<dict>
				<key>children</key>
				<array>
					<string>2D3EAEA576A7945905049776</string>
					<string>53CFE11FB6BD23AF44B85336</string>
					<string>3C5AB478388572C231E14A60</string>
					<string>30FBB714BBD57DDDFDFB56CA</string>
					<string>CF172FAD911034A38ECA271E</string>
					<string>66B1F4B6B7D13B037DA76999</string>
					<string>9BA23A41780B459DE4B63C7A</string>
					<string>401F8037FE67395AC3D091F2</string>
					<string>11DB3742A6D933BAABA95FEA</string>
					<string>67F717CFE13B749E376DD24B</string>
				</array>
				<key>isa</key>
				<string>PBXGroup</string>
				<key>name</key>
				<string>libfreenect2</string>
				<key>sourceTree</key>
				<string>&lt;group&gt;</string>
			</dict>
			<key>2D3EAEA576A7945905049776</key>
			<dict>
				<key>explicitFileType</key>
				<string>sourcecode.c.h</string>
				<key>fileEncoding</key>
				<string>30</string>
				<key>isa</key>
				<string>PBXFileReference</string>
				<key>name</key>
				<string>config.h</string>
				<key>path</key>
				<string>../../../addons/ofxKinectV2-master/libs/libfreenect2/include/libfreenect2/config.h</string>
				<key>sourceTree</key>
				<string>SOURCE_ROOT</string>
			</dict>
			<key>BEBB57A3BEC721DE391F3FB4</key>
			<dict>
				<key>explicitFileType</key>
				<string>sourcecode.c.h</string>
				<key>fileEncoding</key>
				<string>30</string>
				<key>isa</key>
				<string>PBXFileReference</string>
				<key>name</key>
				<string>transfer_pool.h</string>
				<key>path</key>
				<string>../../../addons/ofxKinectV2-master/libs/libfreenect2/include/internal/libfreenect2/usb/transfer_pool.h</string>
				<key>sourceTree</key>
				<string>SOURCE_ROOT</string>
			</dict>
			<key>E16EE2899C70339F8DDC39B2</key>
			<dict>
				<key>children</key>
				<array>
					<string>D75CCFDE50B29C30A656D4C6</string>
					<string>BEBB57A3BEC721DE391F3FB4</string>
				</array>
				<key>isa</key>
				<string>PBXGroup</string>
				<key>name</key>
				<string>usb</string>
				<key>sourceTree</key>
				<string>&lt;group&gt;</string>
			</dict>
			<key>D75CCFDE50B29C30A656D4C6</key>
			<dict>
				<key>explicitFileType</key>
				<string>sourcecode.c.h</string>
				<key>fileEncoding</key>
				<string>30</string>
				<key>isa</key>
				<string>PBXFileReference</string>
				<key>name</key>
				<string>event_loop.h</string>
				<key>path</key>
				<string>../../../addons/ofxKinectV2-master/libs/libfreenect2/include/internal/libfreenect2/usb/event_loop.h</string>
				<key>sourceTree</key>
				<string>SOURCE_ROOT</string>
			</dict>
			<key>5C6543DEC6BAF3D02DC04B7A</key>
			<dict>
				<key>explicitFileType</key>
				<string>sourcecode.c.h</string>
				<key>fileEncoding</key>
				<string>30</string>
				<key>isa</key>
				<string>PBXFileReference</string>
				<key>name</key>
				<string>threading.h</string>
				<key>path</key>
				<string>../../../addons/ofxKinectV2-master/libs/libfreenect2/include/internal/libfreenect2/threading.h</string>
				<key>sourceTree</key>
				<string>SOURCE_ROOT</string>
			</dict>
			<key>E792883F4D981A4C87BD81D9</key>
			<dict>
				<key>explicitFileType</key>
				<string>sourcecode.c.h</string>
				<key>fileEncoding</key>
				<string>30</string>
				<key>isa</key>
				<string>PBXFileReference</string>
				<key>name</key>
				<string>rgb_packet_stream_parser.h</string>
				<key>path</key>
				<string>../../../addons/ofxKinectV2-master/libs/libfreenect2/include/internal/libfreenect2/rgb_packet_stream_parser.h</string>
				<key>sourceTree</key>
				<string>SOURCE_ROOT</string>
			</dict>
			<key>7E2BBE47795F1E6BCA655767</key>
			<dict>
				<key>explicitFileType</key>
				<string>sourcecode.c.h</string>
				<key>fileEncoding</key>
				<string>30</string>
				<key>isa</key>
				<string>PBXFileReference</string>
				<key>name</key>
				<string>resource.h</string>
				<key>path</key>
				<string>../../../addons/ofxKinectV2-master/libs/libfreenect2/include/internal/libfreenect2/resource.h</string>
				<key>sourceTree</key>
				<string>SOURCE_ROOT</string>
			</dict>
			<key>E753EB58243481FF454D8C80</key>
			<dict>
				<key>explicitFileType</key>
				<string>sourcecode.c.h</string>
				<key>fileEncoding</key>
				<string>30</string>
				<key>isa</key>
				<string>PBXFileReference</string>
				<key>name</key>
				<string>usb_control.h</string>
				<key>path</key>
				<string>../../../addons/ofxKinectV2-master/libs/libfreenect2/include/internal/libfreenect2/protocol/usb_control.h</string>
				<key>sourceTree</key>
				<string>SOURCE_ROOT</string>
			</dict>
			<key>96EC1E3E9A8191EC80C98BD2</key>
			<dict>
				<key>explicitFileType</key>
				<string>sourcecode.c.h</string>
				<key>fileEncoding</key>
				<string>30</string>
				<key>isa</key>
				<string>PBXFileReference</string>
				<key>name</key>
				<string>response.h</string>
				<key>path</key>
				<string>../../../addons/ofxKinectV2-master/libs/libfreenect2/include/internal/libfreenect2/protocol/response.h</string>
				<key>sourceTree</key>
				<string>SOURCE_ROOT</string>
			</dict>
			<key>715150AA9AE705E0C96C4C60</key>
			<dict>
				<key>explicitFileType</key>
				<string>sourcecode.c.h</string>
				<key>fileEncoding</key>
				<string>30</string>
				<key>isa</key>
				<string>PBXFileReference</string>
				<key>name</key>
				<string>command_transaction.h</string>
				<key>path</key>
				<string>../../../addons/ofxKinectV2-master/libs/libfreenect2/include/internal/libfreenect2/protocol/command_transaction.h</string>
				<key>sourceTree</key>
				<string>SOURCE_ROOT</string>
			</dict>
			<key>79D2E083922F92595C2F9D65</key>
			<dict>
				<key>children</key>
				<array>
					<string>9CB5099719159590B54AB475</string>
					<string>715150AA9AE705E0C96C4C60</string>
					<string>96EC1E3E9A8191EC80C98BD2</string>
					<string>E753EB58243481FF454D8C80</string>
				</array>
				<key>isa</key>
				<string>PBXGroup</string>
				<key>name</key>
				<string>protocol</string>
				<key>sourceTree</key>
				<string>&lt;group&gt;</string>
			</dict>
			<key>9CB5099719159590B54AB475</key>
			<dict>
				<key>explicitFileType</key>
				<string>sourcecode.c.h</string>
				<key>fileEncoding</key>
				<string>30</string>
				<key>isa</key>
				<string>PBXFileReference</string>
				<key>name</key>
				<string>command.h</string>
				<key>path</key>
				<string>../../../addons/ofxKinectV2-master/libs/libfreenect2/include/internal/libfreenect2/protocol/command.h</string>
				<key>sourceTree</key>
				<string>SOURCE_ROOT</string>
			</dict>
			<key>3AEE240DBA2838170A740FA2</key>
			<dict>
				<key>explicitFileType</key>
				<string>sourcecode.c.h</string>
				<key>fileEncoding</key>
				<string>30</string>
				<key>isa</key>
				<string>PBXFileReference</string>
				<key>name</key>
				<string>logging.h</string>
				<key>path</key>
				<string>../../../addons/ofxKinectV2-master/libs/libfreenect2/include/internal/libfreenect2/logging.h</string>
				<key>sourceTree</key>
				<string>SOURCE_ROOT</string>
			</dict>
			<key>85EF950C9C508A2F910D6460</key>
			<dict>
				<key>explicitFileType</key>
				<string>sourcecode.c.h</string>
				<key>fileEncoding</key>
				<string>30</string>
				<key>isa</key>
				<string>PBXFileReference</string>
				<key>name</key>
				<string>double_buffer.h</string>
				<key>path</key>
				<string>../../../addons/ofxKinectV2-master/libs/libfreenect2/include/internal/libfreenect2/double_buffer.h</string>
				<key>sourceTree</key>
				<string>SOURCE_ROOT</string>
			</dict>
			<key>806F48B9EB5DD5506356A0DF</key>
			<dict>
				<key>explicitFileType</key>
				<string>sourcecode.c.h</string>
				<key>fileEncoding</key>
				<string>30</string>
				<key>isa</key>
				<string>PBXFileReference</string>
				<key>name</key>
				<string>depth_packet_stream_parser.h</string>
				<key>path</key>
				<string>../../../addons/ofxKinectV2-master/libs/libfreenect2/include/internal/libfreenect2/depth_packet_stream_parser.h</string>
				<key>sourceTree</key>
				<string>SOURCE_ROOT</string>
			</dict>
			<key>9050D0D9B2F57F54987D5EA3</key>
			<dict>
				<key>explicitFileType</key>
				<string>sourcecode.c.h</string>
				<key>fileEncoding</key>
				<string>30</string>
				<key>isa</key>
				<string>PBXFileReference</string>
				<key>name</key>
				<string>data_callback.h</string>
				<key>path</key>
				<string>../../../addons/ofxKinectV2-master/libs/libfreenect2/include/internal/libfreenect2/data_callback.h</string>
				<key>sourceTree</key>
				<string>SOURCE_ROOT</string>
			</dict>
			<key>BD1FA9D01A4F41C89392DF32</key>
			<dict>
				<key>children</key>
				<array>
					<string>E9E01F152FFB5FE862131D91</string>
					<string>9050D0D9B2F57F54987D5EA3</string>
					<string>806F48B9EB5DD5506356A0DF</string>
					<string>85EF950C9C508A2F910D6460</string>
					<string>3AEE240DBA2838170A740FA2</string>
					<string>79D2E083922F92595C2F9D65</string>
					<string>7E2BBE47795F1E6BCA655767</string>
					<string>E792883F4D981A4C87BD81D9</string>
					<string>5C6543DEC6BAF3D02DC04B7A</string>
					<string>E16EE2899C70339F8DDC39B2</string>
				</array>
				<key>isa</key>
				<string>PBXGroup</string>
				<key>name</key>
				<string>libfreenect2</string>
				<key>sourceTree</key>
				<string>&lt;group&gt;</string>
			</dict>
			<key>E9E01F152FFB5FE862131D91</key>
			<dict>
				<key>explicitFileType</key>
				<string>sourcecode.c.h</string>
				<key>fileEncoding</key>
				<string>30</string>
				<key>isa</key>
				<string>PBXFileReference</string>
				<key>name</key>
				<string>async_packet_processor.h</string>
				<key>path</key>
				<string>../../../addons/ofxKinectV2-master/libs/libfreenect2/include/internal/libfreenect2/async_packet_processor.h</string>
				<key>sourceTree</key>
				<string>SOURCE_ROOT</string>
			</dict>
			<key>74EC37A51B3B451E5425709B</key>
			<dict>
				<key>children</key>
				<array>
					<string>EB0586D0FE03325DC611AED7</string>
				</array>
				<key>isa</key>
				<string>PBXGroup</string>
				<key>name</key>
				<string>CL</string>
				<key>sourceTree</key>
				<string>&lt;group&gt;</string>
			</dict>
			<key>2FD521DF57CA53F86D2F0F6E</key>
			<dict>
				<key>children</key>
				<array>
					<string>74EC37A51B3B451E5425709B</string>
					<string>BD1FA9D01A4F41C89392DF32</string>
				</array>
				<key>isa</key>
				<string>PBXGroup</string>
				<key>name</key>
				<string>internal</string>
				<key>sourceTree</key>
				<string>&lt;group&gt;</string>
			</dict>
			<key>7810F67F5E44714A3E657ED6</key>
			<dict>
				<key>children</key>
				<array>
					<string>2FD521DF57CA53F86D2F0F6E</string>
					<string>DB6A4A502E3DADCA5296E765</string>
				</array>
				<key>isa</key>
				<string>PBXGroup</string>
				<key>name</key>
				<string>include</string>
				<key>sourceTree</key>
				<string>&lt;group&gt;</string>
			</dict>
			<key>9ABA66114A83C6E62AF54DCB</key>
			<dict>
				<key>children</key>
				<array>
					<string>7810F67F5E44714A3E657ED6</string>
					<string>F46066062267EA2FB26EE4C2</string>
				</array>
				<key>isa</key>
				<string>PBXGroup</string>
				<key>name</key>
				<string>libfreenect2</string>
				<key>sourceTree</key>
				<string>&lt;group&gt;</string>
			</dict>
			<key>F9E613E9943C11F793A06EE5</key>
			<dict>
				<key>children</key>
				<array>
					<string>9ABA66114A83C6E62AF54DCB</string>
					<string>41C41ED3289B371E3EE85E7D</string>
					<string>18DC4A0AD2F4AA2F0B2BC960</string>
				</array>
				<key>isa</key>
				<string>PBXGroup</string>
				<key>name</key>
				<string>libs</string>
				<key>sourceTree</key>
				<string>&lt;group&gt;</string>
			</dict>
			<key>EB0586D0FE03325DC611AED7</key>
			<dict>
				<key>explicitFileType</key>
				<string>sourcecode.c.h</string>
				<key>fileEncoding</key>
				<string>30</string>
				<key>isa</key>
				<string>PBXFileReference</string>
				<key>name</key>
				<string>cl.hpp</string>
				<key>path</key>
				<string>../../../addons/ofxKinectV2-master/libs/libfreenect2/include/internal/CL/cl.hpp</string>
				<key>sourceTree</key>
				<string>SOURCE_ROOT</string>
			</dict>
			<key>0CDA66007E261DD2D8D39DBF</key>
			<dict>
				<key>explicitFileType</key>
				<string>sourcecode.c.h</string>
				<key>fileEncoding</key>
				<string>30</string>
				<key>isa</key>
				<string>PBXFileReference</string>
				<key>name</key>
				<string>ofxKinectV2.h</string>
				<key>path</key>
				<string>../../../addons/ofxKinectV2-master/src/ofxKinectV2.h</string>
				<key>sourceTree</key>
				<string>SOURCE_ROOT</string>
			</dict>
			<key>F503059A126D30A81BC4D721</key>
			<dict>
				<key>children</key>
				<array>
					<string>68C6346A663617768520723E</string>
					<string>0CDA66007E261DD2D8D39DBF</string>
				</array>
				<key>isa</key>
				<string>PBXGroup</string>
				<key>name</key>
				<string>src</string>
				<key>sourceTree</key>
				<string>&lt;group&gt;</string>
			</dict>
			<key>5A575CAF6FE565FEB0EE20A6</key>
			<dict>
				<key>children</key>
				<array>
					<string>F503059A126D30A81BC4D721</string>
					<string>F9E613E9943C11F793A06EE5</string>
					<string>6E5D01C0009E45908C05AC33</string>
				</array>
				<key>isa</key>
				<string>PBXGroup</string>
				<key>name</key>
				<string>ofxKinectV2-master</string>
				<key>sourceTree</key>
				<string>&lt;group&gt;</string>
			</dict>
			<key>107C8FFC542567F6BA055A4B</key>
			<dict>
				<key>fileRef</key>
				<string>68C6346A663617768520723E</string>
				<key>isa</key>
				<string>PBXBuildFile</string>
			</dict>
			<key>68C6346A663617768520723E</key>
			<dict>
				<key>explicitFileType</key>
				<string>sourcecode.cpp.cpp</string>
				<key>fileEncoding</key>
				<string>30</string>
				<key>isa</key>
				<string>PBXFileReference</string>
				<key>name</key>
				<string>ofxKinectV2.cpp</string>
				<key>path</key>
				<string>../../../addons/ofxKinectV2-master/src/ofxKinectV2.cpp</string>
				<key>sourceTree</key>
				<string>SOURCE_ROOT</string>
			</dict>
			<key>0A1DAC09F322AE313A40706D</key>
			<dict>
				<key>explicitFileType</key>
				<string>sourcecode.c.h</string>
				<key>fileEncoding</key>
				<string>30</string>
				<key>isa</key>
				<string>PBXFileReference</string>
				<key>name</key>
				<string>ofxToggle.h</string>
				<key>path</key>
				<string>../../../addons/ofxGui/src/ofxToggle.h</string>
				<key>sourceTree</key>
				<string>SOURCE_ROOT</string>
			</dict>
			<key>1CD33E884D9E3358252E82A1</key>
			<dict>
				<key>fileRef</key>
				<string>907C5B5E104864A2D3A25745</string>
				<key>isa</key>
				<string>PBXBuildFile</string>
			</dict>
			<key>907C5B5E104864A2D3A25745</key>
			<dict>
				<key>explicitFileType</key>
				<string>sourcecode.cpp.cpp</string>
				<key>fileEncoding</key>
				<string>30</string>
				<key>isa</key>
				<string>PBXFileReference</string>
				<key>name</key>
				<string>ofxToggle.cpp</string>
				<key>path</key>
				<string>../../../addons/ofxGui/src/ofxToggle.cpp</string>
				<key>sourceTree</key>
				<string>SOURCE_ROOT</string>
			</dict>
			<key>C70D8946940288799E82131E</key>
			<dict>
				<key>explicitFileType</key>
				<string>sourcecode.c.h</string>
				<key>fileEncoding</key>
				<string>30</string>
				<key>isa</key>
				<string>PBXFileReference</string>
				<key>name</key>
				<string>ofxSliderGroup.h</string>
				<key>path</key>
				<string>../../../addons/ofxGui/src/ofxSliderGroup.h</string>
				<key>sourceTree</key>
				<string>SOURCE_ROOT</string>
			</dict>
			<key>B56FE57CC35806596D38118C</key>
			<dict>
				<key>fileRef</key>
				<string>802251BAF1B35B1D67B32FD0</string>
				<key>isa</key>
				<string>PBXBuildFile</string>
			</dict>
			<key>802251BAF1B35B1D67B32FD0</key>
			<dict>
				<key>explicitFileType</key>
				<string>sourcecode.cpp.cpp</string>
				<key>fileEncoding</key>
				<string>30</string>
				<key>isa</key>
				<string>PBXFileReference</string>
				<key>name</key>
				<string>ofxSliderGroup.cpp</string>
				<key>path</key>
				<string>../../../addons/ofxGui/src/ofxSliderGroup.cpp</string>
				<key>sourceTree</key>
				<string>SOURCE_ROOT</string>
			</dict>
			<key>52AFA1F08C420992CAAAE648</key>
			<dict>
				<key>explicitFileType</key>
				<string>sourcecode.c.h</string>
				<key>fileEncoding</key>
				<string>30</string>
				<key>isa</key>
				<string>PBXFileReference</string>
				<key>name</key>
				<string>ofxSlider.h</string>
				<key>path</key>
				<string>../../../addons/ofxGui/src/ofxSlider.h</string>
				<key>sourceTree</key>
				<string>SOURCE_ROOT</string>
			</dict>
			<key>837220E80EB56CD44AD27F2A</key>
			<dict>
				<key>fileRef</key>
				<string>15F2C6477A769C03A56D1401</string>
				<key>isa</key>
				<string>PBXBuildFile</string>
			</dict>
			<key>15F2C6477A769C03A56D1401</key>
			<dict>
				<key>explicitFileType</key>
				<string>sourcecode.cpp.cpp</string>
				<key>fileEncoding</key>
				<string>30</string>
				<key>isa</key>
				<string>PBXFileReference</string>
				<key>name</key>
				<string>ofxSlider.cpp</string>
				<key>path</key>
				<string>../../../addons/ofxGui/src/ofxSlider.cpp</string>
				<key>sourceTree</key>
				<string>SOURCE_ROOT</string>
			</dict>
			<key>89449E3044D456F7DE7BEA14</key>
			<dict>
				<key>explicitFileType</key>
				<string>sourcecode.c.h</string>
				<key>fileEncoding</key>
				<string>30</string>
				<key>isa</key>
				<string>PBXFileReference</string>
				<key>name</key>
				<string>ofxPanel.h</string>
				<key>path</key>
				<string>../../../addons/ofxGui/src/ofxPanel.h</string>
				<key>sourceTree</key>
				<string>SOURCE_ROOT</string>
			</dict>
			<key>F285EB3169F1566CA3D93C20</key>
			<dict>
				<key>fileRef</key>
				<string>E112B3AEBEA2C091BF2B40AE</string>
				<key>isa</key>
				<string>PBXBuildFile</string>
			</dict>
			<key>E112B3AEBEA2C091BF2B40AE</key>
			<dict>
				<key>explicitFileType</key>
				<string>sourcecode.cpp.cpp</string>
				<key>fileEncoding</key>
				<string>30</string>
				<key>isa</key>
				<string>PBXFileReference</string>
				<key>name</key>
				<string>ofxPanel.cpp</string>
				<key>path</key>
				<string>../../../addons/ofxGui/src/ofxPanel.cpp</string>
				<key>sourceTree</key>
				<string>SOURCE_ROOT</string>
			</dict>
			<key>B87C60311EC1FE841C1ECD89</key>
			<dict>
				<key>explicitFileType</key>
				<string>sourcecode.c.h</string>
				<key>fileEncoding</key>
				<string>30</string>
				<key>isa</key>
				<string>PBXFileReference</string>
				<key>name</key>
				<string>ofxLabel.h</string>
				<key>path</key>
				<string>../../../addons/ofxGui/src/ofxLabel.h</string>
				<key>sourceTree</key>
				<string>SOURCE_ROOT</string>
			</dict>
			<key>483908258D00B98B4BE69F07</key>
			<dict>
				<key>fileRef</key>
				<string>78D67A00EB899FAC09430597</string>
				<key>isa</key>
				<string>PBXBuildFile</string>
			</dict>
			<key>78D67A00EB899FAC09430597</key>
			<dict>
				<key>explicitFileType</key>
				<string>sourcecode.cpp.cpp</string>
				<key>fileEncoding</key>
				<string>30</string>
				<key>isa</key>
				<string>PBXFileReference</string>
				<key>name</key>
				<string>ofxLabel.cpp</string>
				<key>path</key>
				<string>../../../addons/ofxGui/src/ofxLabel.cpp</string>
				<key>sourceTree</key>
				<string>SOURCE_ROOT</string>
			</dict>
			<key>1C0DA2561397A7DE0246858B</key>
			<dict>
				<key>explicitFileType</key>
				<string>sourcecode.c.h</string>
				<key>fileEncoding</key>
				<string>30</string>
				<key>isa</key>
				<string>PBXFileReference</string>
				<key>name</key>
				<string>ofxGuiGroup.h</string>
				<key>path</key>
				<string>../../../addons/ofxGui/src/ofxGuiGroup.h</string>
				<key>sourceTree</key>
				<string>SOURCE_ROOT</string>
			</dict>
			<key>B266578FC55D23BFEBC042E7</key>
			<dict>
				<key>fileRef</key>
				<string>ECF8674C7975F1063C5E30CA</string>
				<key>isa</key>
				<string>PBXBuildFile</string>
			</dict>
			<key>ECF8674C7975F1063C5E30CA</key>
			<dict>
				<key>explicitFileType</key>
				<string>sourcecode.cpp.cpp</string>
				<key>fileEncoding</key>
				<string>30</string>
				<key>isa</key>
				<string>PBXFileReference</string>
				<key>name</key>
				<string>ofxGuiGroup.cpp</string>
				<key>path</key>
				<string>../../../addons/ofxGui/src/ofxGuiGroup.cpp</string>
				<key>sourceTree</key>
				<string>SOURCE_ROOT</string>
			</dict>
			<key>17E65988300FBD9AAA2CD0CA</key>
			<dict>
				<key>explicitFileType</key>
				<string>sourcecode.c.h</string>
				<key>fileEncoding</key>
				<string>30</string>
				<key>isa</key>
				<string>PBXFileReference</string>
				<key>name</key>
				<string>ofxGui.h</string>
				<key>path</key>
				<string>../../../addons/ofxGui/src/ofxGui.h</string>
				<key>sourceTree</key>
				<string>SOURCE_ROOT</string>
			</dict>
			<key>2834D88A62CD23F3DE2C47D1</key>
			<dict>
				<key>explicitFileType</key>
				<string>sourcecode.c.h</string>
				<key>fileEncoding</key>
				<string>30</string>
				<key>isa</key>
				<string>PBXFileReference</string>
				<key>name</key>
				<string>ofxButton.h</string>
				<key>path</key>
				<string>../../../addons/ofxGui/src/ofxButton.h</string>
				<key>sourceTree</key>
				<string>SOURCE_ROOT</string>
			</dict>
			<key>5CBB2AB3A60F65431D7B555D</key>
			<dict>
				<key>fileRef</key>
				<string>C88333E71C9457E441C33474</string>
				<key>isa</key>
				<string>PBXBuildFile</string>
			</dict>
			<key>C88333E71C9457E441C33474</key>
			<dict>
				<key>explicitFileType</key>
				<string>sourcecode.cpp.cpp</string>
				<key>fileEncoding</key>
				<string>30</string>
				<key>isa</key>
				<string>PBXFileReference</string>
				<key>name</key>
				<string>ofxButton.cpp</string>
				<key>path</key>
				<string>../../../addons/ofxGui/src/ofxButton.cpp</string>
				<key>sourceTree</key>
				<string>SOURCE_ROOT</string>
			</dict>
			<key>87F26B4B24CBD428AD9EEBAA</key>
			<dict>
				<key>explicitFileType</key>
				<string>sourcecode.c.h</string>
				<key>fileEncoding</key>
				<string>30</string>
				<key>isa</key>
				<string>PBXFileReference</string>
				<key>name</key>
				<string>ofxBaseGui.h</string>
				<key>path</key>
				<string>../../../addons/ofxGui/src/ofxBaseGui.h</string>
				<key>sourceTree</key>
				<string>SOURCE_ROOT</string>
			</dict>
			<key>A763ED608B35AE3310251DEE</key>
			<dict>
				<key>children</key>
				<array>
					<string>9604B925D32EE39065747725</string>
					<string>87F26B4B24CBD428AD9EEBAA</string>
					<string>C88333E71C9457E441C33474</string>
					<string>2834D88A62CD23F3DE2C47D1</string>
					<string>17E65988300FBD9AAA2CD0CA</string>
					<string>ECF8674C7975F1063C5E30CA</string>
					<string>1C0DA2561397A7DE0246858B</string>
					<string>78D67A00EB899FAC09430597</string>
					<string>B87C60311EC1FE841C1ECD89</string>
					<string>E112B3AEBEA2C091BF2B40AE</string>
					<string>89449E3044D456F7DE7BEA14</string>
					<string>15F2C6477A769C03A56D1401</string>
					<string>52AFA1F08C420992CAAAE648</string>
					<string>802251BAF1B35B1D67B32FD0</string>
					<string>C70D8946940288799E82131E</string>
					<string>907C5B5E104864A2D3A25745</string>
					<string>0A1DAC09F322AE313A40706D</string>
				</array>
				<key>isa</key>
				<string>PBXGroup</string>
				<key>name</key>
				<string>src</string>
				<key>sourceTree</key>
				<string>&lt;group&gt;</string>
			</dict>
			<key>480A780D8D0308AE4A368801</key>
			<dict>
				<key>children</key>
				<array>
					<string>A763ED608B35AE3310251DEE</string>
				</array>
				<key>isa</key>
				<string>PBXGroup</string>
				<key>name</key>
				<string>ofxGui</string>
				<key>sourceTree</key>
				<string>&lt;group&gt;</string>
			</dict>
			<key>856AA354D08AB4B323081444</key>
			<dict>
				<key>fileRef</key>
				<string>9604B925D32EE39065747725</string>
				<key>isa</key>
				<string>PBXBuildFile</string>
			</dict>
			<key>9604B925D32EE39065747725</key>
			<dict>
				<key>explicitFileType</key>
				<string>sourcecode.cpp.cpp</string>
				<key>fileEncoding</key>
				<string>30</string>
				<key>isa</key>
				<string>PBXFileReference</string>
				<key>name</key>
				<string>ofxBaseGui.cpp</string>
				<key>path</key>
				<string>../../../addons/ofxGui/src/ofxBaseGui.cpp</string>
				<key>sourceTree</key>
				<string>SOURCE_ROOT</string>
			</dict>
			<key>0482CF361B875A3A28169A3A</key>
			<dict>
				<key>explicitFileType</key>
				<string>sourcecode.c.h</string>
				<key>fileEncoding</key>
				<string>30</string>
				<key>isa</key>
				<string>PBXFileReference</string>
				<key>name</key>
				<string>boid.hpp</string>
				<key>path</key>
				<string>src/boid.hpp</string>
				<key>sourceTree</key>
				<string>SOURCE_ROOT</string>
			</dict>
			<key>E8992E40B0A6FB1B18EC2C84</key>
			<dict>
				<key>fileRef</key>
				<string>82C7AF4D5BCBFA3B653AE791</string>
				<key>isa</key>
				<string>PBXBuildFile</string>
			</dict>
			<key>82C7AF4D5BCBFA3B653AE791</key>
			<dict>
				<key>explicitFileType</key>
				<string>sourcecode.cpp.cpp</string>
				<key>fileEncoding</key>
				<string>30</string>
				<key>isa</key>
				<string>PBXFileReference</string>
				<key>name</key>
				<string>boid.cpp</string>
				<key>path</key>
				<string>src/boid.cpp</string>
				<key>sourceTree</key>
				<string>SOURCE_ROOT</string>
			</dict>
			<key>6948EE371B920CB800B5AC1A</key>
			<dict>
				<key>children</key>
				<array />
				<key>isa</key>
				<string>PBXGroup</string>
				<key>name</key>
				<string>local_addons</string>
				<key>sourceTree</key>
				<string>&lt;group&gt;</string>
			</dict>
			<key>BB4B014C10F69532006C3DED</key>
			<dict>
				<key>children</key>
				<array>
					<string>480A780D8D0308AE4A368801</string>
					<string>5A575CAF6FE565FEB0EE20A6</string>
				</array>
				<key>isa</key>
				<string>PBXGroup</string>
				<key>name</key>
				<string>addons</string>
				<key>sourceTree</key>
				<string>&lt;group&gt;</string>
			</dict>
			<key>E4328143138ABC890047C5CB</key>
			<dict>
				<key>isa</key>
				<string>PBXFileReference</string>
				<key>lastKnownFileType</key>
				<string>wrapper.pb-project</string>
				<key>name</key>
				<string>openFrameworksLib.xcodeproj</string>
				<key>path</key>
				<string>../../../libs/openFrameworksCompiled/project/osx/openFrameworksLib.xcodeproj</string>
				<key>sourceTree</key>
				<string>SOURCE_ROOT</string>
			</dict>
			<key>E4328144138ABC890047C5CB</key>
			<dict>
				<key>children</key>
				<array>
					<string>E4328148138ABC890047C5CB</string>
				</array>
				<key>isa</key>
				<string>PBXGroup</string>
				<key>name</key>
				<string>Products</string>
				<key>sourceTree</key>
				<string>&lt;group&gt;</string>
			</dict>
			<key>E4328147138ABC890047C5CB</key>
			<dict>
				<key>containerPortal</key>
				<string>E4328143138ABC890047C5CB</string>
				<key>isa</key>
				<string>PBXContainerItemProxy</string>
				<key>proxyType</key>
				<string>2</string>
				<key>remoteGlobalIDString</key>
				<string>E4B27C1510CBEB8E00536013</string>
				<key>remoteInfo</key>
				<string>openFrameworks</string>
			</dict>
			<key>E4328148138ABC890047C5CB</key>
			<dict>
				<key>fileType</key>
				<string>archive.ar</string>
				<key>isa</key>
				<string>PBXReferenceProxy</string>
				<key>path</key>
				<string>openFrameworksDebug.a</string>
				<key>remoteRef</key>
				<string>E4328147138ABC890047C5CB</string>
				<key>sourceTree</key>
				<string>BUILT_PRODUCTS_DIR</string>
			</dict>
			<key>E4328149138ABC9F0047C5CB</key>
			<dict>
				<key>fileRef</key>
				<string>E4328148138ABC890047C5CB</string>
				<key>isa</key>
				<string>PBXBuildFile</string>
			</dict>
			<key>E4B69B4A0A3A1720003C02F2</key>
			<dict>
				<key>children</key>
				<array>
					<string>E4B6FCAD0C3E899E008CF71C</string>
					<string>E4EB6923138AFD0F00A09F29</string>
					<string>E4B69E1C0A3A1BDC003C02F2</string>
					<string>E4EEC9E9138DF44700A80321</string>
					<string>BB4B014C10F69532006C3DED</string>
					<string>6948EE371B920CB800B5AC1A</string>
					<string>E4B69B5B0A3A1756003C02F2</string>
				</array>
				<key>isa</key>
				<string>PBXGroup</string>
				<key>sourceTree</key>
				<string>&lt;group&gt;</string>
			</dict>
			<key>E4B69B4C0A3A1720003C02F2</key>
			<dict>
				<key>attributes</key>
				<dict>
					<key>LastUpgradeCheck</key>
					<string>0600</string>
				</dict>
				<key>buildConfigurationList</key>
				<string>E4B69B4D0A3A1720003C02F2</string>
				<key>compatibilityVersion</key>
				<string>Xcode 3.2</string>
				<key>developmentRegion</key>
				<string>English</string>
				<key>hasScannedForEncodings</key>
				<string>0</string>
				<key>isa</key>
				<string>PBXProject</string>
				<key>knownRegions</key>
				<array>
					<string>English</string>
					<string>Japanese</string>
					<string>French</string>
					<string>German</string>
				</array>
				<key>mainGroup</key>
				<string>E4B69B4A0A3A1720003C02F2</string>
				<key>productRefGroup</key>
				<string>E4B69B4A0A3A1720003C02F2</string>
				<key>projectDirPath</key>
				<string />
				<key>projectReferences</key>
				<array>
					<dict>
						<key>ProductGroup</key>
						<string>E4328144138ABC890047C5CB</string>
						<key>ProjectRef</key>
						<string>E4328143138ABC890047C5CB</string>
					</dict>
				</array>
				<key>projectRoot</key>
				<string />
				<key>targets</key>
				<array>
					<string>E4B69B5A0A3A1756003C02F2</string>
				</array>
			</dict>
			<key>E4B69B4D0A3A1720003C02F2</key>
			<dict>
				<key>buildConfigurations</key>
				<array>
					<string>E4B69B4E0A3A1720003C02F2</string>
					<string>E4B69B4F0A3A1720003C02F2</string>
				</array>
				<key>defaultConfigurationIsVisible</key>
				<string>0</string>
				<key>defaultConfigurationName</key>
				<string>Release</string>
				<key>isa</key>
				<string>XCConfigurationList</string>
			</dict>
			<key>E4B69B4E0A3A1720003C02F2</key>
			<dict>
				<key>baseConfigurationReference</key>
				<string>E4EB6923138AFD0F00A09F29</string>
				<key>buildSettings</key>
				<dict>
					<key>OTHER_LDFLAGS</key>
					<array>
						<string>$(OF_CORE_FRAMEWORKS) $(OF_CORE_LIBS)</string>
						<string>../../../addons/ofxKinectV2-master/libs/libusb/lib/osx/usb-1.0.0-latest-superspeed.a</string>
					</array>
					<key>HEADER_SEARCH_PATHS</key>
					<array>
						<string>$(OF_CORE_HEADERS)</string>
						<string>src</string>
						<string>../../../addons/ofxGui/src</string>
						<string>../../../addons/ofxKinectV2-master/libs</string>
						<string>../../../addons/ofxKinectV2-master/libs/libfreenect2</string>
						<string>../../../addons/ofxKinectV2-master/libs/libfreenect2/include</string>
						<string>../../../addons/ofxKinectV2-master/libs/libfreenect2/include/internal</string>
						<string>../../../addons/ofxKinectV2-master/libs/libfreenect2/include/internal/CL</string>
						<string>../../../addons/ofxKinectV2-master/libs/libfreenect2/include/internal/libfreenect2</string>
						<string>../../../addons/ofxKinectV2-master/libs/libfreenect2/include/internal/libfreenect2/protocol</string>
						<string>../../../addons/ofxKinectV2-master/libs/libfreenect2/include/internal/libfreenect2/usb</string>
						<string>../../../addons/ofxKinectV2-master/libs/libfreenect2/include/libfreenect2</string>
						<string>../../../addons/ofxKinectV2-master/libs/libfreenect2/src</string>
						<string>../../../addons/ofxKinectV2-master/libs/libfreenect2/src/shader</string>
						<string>../../../addons/ofxKinectV2-master/libs/libusb</string>
						<string>../../../addons/ofxKinectV2-master/libs/libusb/include</string>
						<string>../../../addons/ofxKinectV2-master/libs/libusb/include/libusb</string>
						<string>../../../addons/ofxKinectV2-master/libs/libusb/include/libusb/os</string>
						<string>../../../addons/ofxKinectV2-master/libs/libusb/lib</string>
						<string>../../../addons/ofxKinectV2-master/libs/libusb/lib/osx</string>
						<string>../../../addons/ofxKinectV2-master/libs/protonect</string>
						<string>../../../addons/ofxKinectV2-master/src</string>
					</array>
					<key>CONFIGURATION_BUILD_DIR</key>
					<string>$(SRCROOT)/bin/</string>
					<key>COPY_PHASE_STRIP</key>
					<string>NO</string>
					<key>DEAD_CODE_STRIPPING</key>
					<string>YES</string>
					<key>GCC_AUTO_VECTORIZATION</key>
					<string>YES</string>
					<key>GCC_ENABLE_SSE3_EXTENSIONS</key>
					<string>YES</string>
					<key>GCC_ENABLE_SUPPLEMENTAL_SSE3_INSTRUCTIONS</key>
					<string>YES</string>
					<key>GCC_INLINES_ARE_PRIVATE_EXTERN</key>
					<string>NO</string>
					<key>GCC_OPTIMIZATION_LEVEL</key>
					<string>0</string>
					<key>GCC_SYMBOLS_PRIVATE_EXTERN</key>
					<string>NO</string>
					<key>GCC_WARN_ABOUT_DEPRECATED_FUNCTIONS</key>
					<string>YES</string>
					<key>GCC_WARN_ABOUT_INVALID_OFFSETOF_MACRO</key>
					<string>NO</string>
					<key>GCC_WARN_ALLOW_INCOMPLETE_PROTOCOL</key>
					<string>NO</string>
					<key>GCC_WARN_UNINITIALIZED_AUTOS</key>
					<string>NO</string>
					<key>GCC_WARN_UNUSED_VALUE</key>
					<string>NO</string>
					<key>GCC_WARN_UNUSED_VARIABLE</key>
					<string>NO</string>
					<key>MACOSX_DEPLOYMENT_TARGET</key>
					<string>10.8</string>
					<key>ONLY_ACTIVE_ARCH</key>
					<string>YES</string>
					<key>OTHER_CPLUSPLUSFLAGS</key>
					<array>
						<string>-D__MACOSX_CORE__</string>
						<string>-mtune=native</string>
					</array>
					<key>SDKROOT</key>
					<string>macosx</string>
				</dict>
				<key>isa</key>
				<string>XCBuildConfiguration</string>
				<key>name</key>
				<string>Debug</string>
			</dict>
			<key>E4B69B4F0A3A1720003C02F2</key>
			<dict>
				<key>baseConfigurationReference</key>
				<string>E4EB6923138AFD0F00A09F29</string>
				<key>buildSettings</key>
				<dict>
					<key>OTHER_LDFLAGS</key>
					<array>
						<string>$(OF_CORE_FRAMEWORKS) $(OF_CORE_LIBS)</string>
						<string>../../../addons/ofxKinectV2-master/libs/libusb/lib/osx/usb-1.0.0-latest-superspeed.a</string>
					</array>
					<key>HEADER_SEARCH_PATHS</key>
					<array>
						<string>$(OF_CORE_HEADERS)</string>
						<string>src</string>
						<string>../../../addons/ofxGui/src</string>
						<string>../../../addons/ofxKinectV2-master/libs</string>
						<string>../../../addons/ofxKinectV2-master/libs/libfreenect2</string>
						<string>../../../addons/ofxKinectV2-master/libs/libfreenect2/include</string>
						<string>../../../addons/ofxKinectV2-master/libs/libfreenect2/include/internal</string>
						<string>../../../addons/ofxKinectV2-master/libs/libfreenect2/include/internal/CL</string>
						<string>../../../addons/ofxKinectV2-master/libs/libfreenect2/include/internal/libfreenect2</string>
						<string>../../../addons/ofxKinectV2-master/libs/libfreenect2/include/internal/libfreenect2/protocol</string>
						<string>../../../addons/ofxKinectV2-master/libs/libfreenect2/include/internal/libfreenect2/usb</string>
						<string>../../../addons/ofxKinectV2-master/libs/libfreenect2/include/libfreenect2</string>
						<string>../../../addons/ofxKinectV2-master/libs/libfreenect2/src</string>
						<string>../../../addons/ofxKinectV2-master/libs/libfreenect2/src/shader</string>
						<string>../../../addons/ofxKinectV2-master/libs/libusb</string>
						<string>../../../addons/ofxKinectV2-master/libs/libusb/include</string>
						<string>../../../addons/ofxKinectV2-master/libs/libusb/include/libusb</string>
						<string>../../../addons/ofxKinectV2-master/libs/libusb/include/libusb/os</string>
						<string>../../../addons/ofxKinectV2-master/libs/libusb/lib</string>
						<string>../../../addons/ofxKinectV2-master/libs/libusb/lib/osx</string>
						<string>../../../addons/ofxKinectV2-master/libs/protonect</string>
						<string>../../../addons/ofxKinectV2-master/src</string>
					</array>
					<key>CONFIGURATION_BUILD_DIR</key>
					<string>$(SRCROOT)/bin/</string>
					<key>COPY_PHASE_STRIP</key>
					<string>YES</string>
					<key>DEAD_CODE_STRIPPING</key>
					<string>YES</string>
					<key>GCC_AUTO_VECTORIZATION</key>
					<string>YES</string>
					<key>GCC_ENABLE_SSE3_EXTENSIONS</key>
					<string>YES</string>
					<key>GCC_ENABLE_SUPPLEMENTAL_SSE3_INSTRUCTIONS</key>
					<string>YES</string>
					<key>GCC_INLINES_ARE_PRIVATE_EXTERN</key>
					<string>NO</string>
					<key>GCC_OPTIMIZATION_LEVEL</key>
					<string>3</string>
					<key>GCC_SYMBOLS_PRIVATE_EXTERN</key>
					<string>NO</string>
					<key>GCC_UNROLL_LOOPS</key>
					<string>YES</string>
					<key>GCC_WARN_ABOUT_DEPRECATED_FUNCTIONS</key>
					<string>YES</string>
					<key>GCC_WARN_ABOUT_INVALID_OFFSETOF_MACRO</key>
					<string>NO</string>
					<key>GCC_WARN_ALLOW_INCOMPLETE_PROTOCOL</key>
					<string>NO</string>
					<key>GCC_WARN_UNINITIALIZED_AUTOS</key>
					<string>NO</string>
					<key>GCC_WARN_UNUSED_VALUE</key>
					<string>NO</string>
					<key>GCC_WARN_UNUSED_VARIABLE</key>
					<string>NO</string>
					<key>MACOSX_DEPLOYMENT_TARGET</key>
					<string>10.8</string>
					<key>OTHER_CPLUSPLUSFLAGS</key>
					<array>
						<string>-D__MACOSX_CORE__</string>
						<string>-mtune=native</string>
					</array>
					<key>SDKROOT</key>
					<string>macosx</string>
				</dict>
				<key>isa</key>
				<string>XCBuildConfiguration</string>
				<key>name</key>
				<string>Release</string>
			</dict>
			<key>E4B69B580A3A1756003C02F2</key>
			<dict>
				<key>buildActionMask</key>
				<string>2147483647</string>
				<key>files</key>
				<array>
					<string>E4B69E200A3A1BDC003C02F2</string>
					<string>E4B69E210A3A1BDC003C02F2</string>
					<string>E8992E40B0A6FB1B18EC2C84</string>
					<string>856AA354D08AB4B323081444</string>
					<string>5CBB2AB3A60F65431D7B555D</string>
					<string>B266578FC55D23BFEBC042E7</string>
					<string>483908258D00B98B4BE69F07</string>
					<string>F285EB3169F1566CA3D93C20</string>
					<string>837220E80EB56CD44AD27F2A</string>
					<string>B56FE57CC35806596D38118C</string>
					<string>1CD33E884D9E3358252E82A1</string>
					<string>107C8FFC542567F6BA055A4B</string>
					<string>0F5BE0392E5E7F774D21B45A</string>
					<string>D9768D3305D27BE58F4539A7</string>
					<string>4D3784C145D3397875635436</string>
					<string>A61E8589A7753C816CB0D5CD</string>
					<string>632EE2772BF713064DD21781</string>
					<string>F8141376A8927EC3F3E777D2</string>
					<string>E0946D0B1CBE41522D9AB0A8</string>
					<string>F823A17136D7347519887FF3</string>
					<string>379D33DF9DA723E0D149EA07</string>
					<string>DA92C367E168E501EC20BD04</string>
					<string>6A5604F4FCAA409FC159609B</string>
					<string>C538D113EB010AA7C9E5DEEF</string>
					<string>75B103DB3C5EE237DD2B198C</string>
					<string>AFD47AA6F84191F461623F1C</string>
					<string>B012BE6B4F25875FA6CD14C6</string>
					<string>F9B676A54264E72459C74A41</string>
					<string>7C0D559196E4C46BF35F79DB</string>
					<string>96CB78F91935AD5B9872EEEF</string>
					<string>7D7E1D43D116D99929CA4AB5</string>
					<string>B2407B13242AD103BC102E41</string>
					<string>1C04B1FA66F910639D2A5F31</string>
				</array>
				<key>isa</key>
				<string>PBXSourcesBuildPhase</string>
				<key>runOnlyForDeploymentPostprocessing</key>
				<string>0</string>
			</dict>
			<key>E4B69B590A3A1756003C02F2</key>
			<dict>
				<key>buildActionMask</key>
				<string>2147483647</string>
				<key>files</key>
				<array>
					<string>E4328149138ABC9F0047C5CB</string>
					<string>B3ACFAB69F9C4AC9F6E8577E</string>
				</array>
				<key>isa</key>
				<string>PBXFrameworksBuildPhase</string>
				<key>runOnlyForDeploymentPostprocessing</key>
				<string>0</string>
			</dict>
			<key>E4B69B5A0A3A1756003C02F2</key>
			<dict>
				<key>buildConfigurationList</key>
				<string>E4B69B5F0A3A1757003C02F2</string>
				<key>buildPhases</key>
				<array>
					<string>E4B69B580A3A1756003C02F2</string>
					<string>E4B69B590A3A1756003C02F2</string>
					<string>E4B6FFFD0C3F9AB9008CF71C</string>
					<string>E4C2427710CC5ABF004149E2</string>
				</array>
				<key>buildRules</key>
				<array />
				<key>dependencies</key>
				<array>
					<string>E4EEB9AC138B136A00A80321</string>
				</array>
				<key>isa</key>
				<string>PBXNativeTarget</string>
				<key>name</key>
				<string>airbending</string>
				<key>productName</key>
				<string>myOFApp</string>
				<key>productReference</key>
				<string>E4B69B5B0A3A1756003C02F2</string>
				<key>productType</key>
				<string>com.apple.product-type.application</string>
			</dict>
			<key>E4B69B5B0A3A1756003C02F2</key>
			<dict>
				<key>explicitFileType</key>
				<string>wrapper.application</string>
				<key>includeInIndex</key>
				<string>0</string>
				<key>isa</key>
				<string>PBXFileReference</string>
				<key>path</key>
				<string>airbendingDebug.app</string>
				<key>sourceTree</key>
				<string>BUILT_PRODUCTS_DIR</string>
			</dict>
			<key>E4B69B5F0A3A1757003C02F2</key>
			<dict>
				<key>buildConfigurations</key>
				<array>
					<string>E4B69B600A3A1757003C02F2</string>
					<string>E4B69B610A3A1757003C02F2</string>
				</array>
				<key>defaultConfigurationIsVisible</key>
				<string>0</string>
				<key>defaultConfigurationName</key>
				<string>Release</string>
				<key>isa</key>
				<string>XCConfigurationList</string>
			</dict>
			<key>E4B69B600A3A1757003C02F2</key>
			<dict>
				<key>baseConfigurationReference</key>
				<string>E4EB6923138AFD0F00A09F29</string>
				<key>buildSettings</key>
				<dict>
					<key>OTHER_LDFLAGS</key>
					<array>
						<string>$(OF_CORE_FRAMEWORKS) $(OF_CORE_LIBS)</string>
						<string>../../../addons/ofxKinectV2-master/libs/libusb/lib/osx/usb-1.0.0-latest-superspeed.a</string>
					</array>
					<key>HEADER_SEARCH_PATHS</key>
					<array>
						<string>$(OF_CORE_HEADERS)</string>
						<string>src</string>
						<string>../../../addons/ofxGui/src</string>
						<string>../../../addons/ofxKinectV2-master/libs</string>
						<string>../../../addons/ofxKinectV2-master/libs/libfreenect2</string>
						<string>../../../addons/ofxKinectV2-master/libs/libfreenect2/include</string>
						<string>../../../addons/ofxKinectV2-master/libs/libfreenect2/include/internal</string>
						<string>../../../addons/ofxKinectV2-master/libs/libfreenect2/include/internal/CL</string>
						<string>../../../addons/ofxKinectV2-master/libs/libfreenect2/include/internal/libfreenect2</string>
						<string>../../../addons/ofxKinectV2-master/libs/libfreenect2/include/internal/libfreenect2/protocol</string>
						<string>../../../addons/ofxKinectV2-master/libs/libfreenect2/include/internal/libfreenect2/usb</string>
						<string>../../../addons/ofxKinectV2-master/libs/libfreenect2/include/libfreenect2</string>
						<string>../../../addons/ofxKinectV2-master/libs/libfreenect2/src</string>
						<string>../../../addons/ofxKinectV2-master/libs/libfreenect2/src/shader</string>
						<string>../../../addons/ofxKinectV2-master/libs/libusb</string>
						<string>../../../addons/ofxKinectV2-master/libs/libusb/include</string>
						<string>../../../addons/ofxKinectV2-master/libs/libusb/include/libusb</string>
						<string>../../../addons/ofxKinectV2-master/libs/libusb/include/libusb/os</string>
						<string>../../../addons/ofxKinectV2-master/libs/libusb/lib</string>
						<string>../../../addons/ofxKinectV2-master/libs/libusb/lib/osx</string>
						<string>../../../addons/ofxKinectV2-master/libs/protonect</string>
						<string>../../../addons/ofxKinectV2-master/src</string>
					</array>
					<key>COMBINE_HIDPI_IMAGES</key>
					<string>YES</string>
					<key>COPY_PHASE_STRIP</key>
					<string>NO</string>
					<key>FRAMEWORK_SEARCH_PATHS</key>
					<array>
						<string>$(inherited)</string>
						<string>$(FRAMEWORK_SEARCH_PATHS_QUOTED_FOR_TARGET_1)</string>
						<string>/System/Library/Frameworks</string>
					</array>
					<key>FRAMEWORK_SEARCH_PATHS_QUOTED_FOR_TARGET_1</key>
					<string>"$(SRCROOT)/../../../libs/glut/lib/osx"</string>
					<key>GCC_DYNAMIC_NO_PIC</key>
					<string>NO</string>
					<key>GCC_GENERATE_DEBUGGING_SYMBOLS</key>
					<string>YES</string>
					<key>GCC_MODEL_TUNING</key>
					<string>NONE</string>
					<key>ICON</key>
					<string>$(ICON_NAME_DEBUG)</string>
					<key>ICON_FILE</key>
					<string>$(ICON_FILE_PATH)$(ICON)</string>
					<key>INFOPLIST_FILE</key>
					<string>openFrameworks-Info.plist</string>
					<key>INSTALL_PATH</key>
					<string>/Applications</string>
					<key>LIBRARY_SEARCH_PATHS</key>
					<string>$(inherited)</string>
					<key>PRODUCT_NAME</key>
					<string>$(TARGET_NAME)Debug</string>
					<key>WRAPPER_EXTENSION</key>
					<string>app</string>
				</dict>
				<key>isa</key>
				<string>XCBuildConfiguration</string>
				<key>name</key>
				<string>Debug</string>
			</dict>
			<key>E4B69B610A3A1757003C02F2</key>
			<dict>
				<key>baseConfigurationReference</key>
				<string>E4EB6923138AFD0F00A09F29</string>
				<key>buildSettings</key>
				<dict>
					<key>OTHER_LDFLAGS</key>
					<array>
						<string>$(OF_CORE_FRAMEWORKS) $(OF_CORE_LIBS)</string>
						<string>../../../addons/ofxKinectV2-master/libs/libusb/lib/osx/usb-1.0.0-latest-superspeed.a</string>
					</array>
					<key>HEADER_SEARCH_PATHS</key>
					<array>
						<string>$(OF_CORE_HEADERS)</string>
						<string>src</string>
						<string>../../../addons/ofxGui/src</string>
						<string>../../../addons/ofxKinectV2-master/libs</string>
						<string>../../../addons/ofxKinectV2-master/libs/libfreenect2</string>
						<string>../../../addons/ofxKinectV2-master/libs/libfreenect2/include</string>
						<string>../../../addons/ofxKinectV2-master/libs/libfreenect2/include/internal</string>
						<string>../../../addons/ofxKinectV2-master/libs/libfreenect2/include/internal/CL</string>
						<string>../../../addons/ofxKinectV2-master/libs/libfreenect2/include/internal/libfreenect2</string>
						<string>../../../addons/ofxKinectV2-master/libs/libfreenect2/include/internal/libfreenect2/protocol</string>
						<string>../../../addons/ofxKinectV2-master/libs/libfreenect2/include/internal/libfreenect2/usb</string>
						<string>../../../addons/ofxKinectV2-master/libs/libfreenect2/include/libfreenect2</string>
						<string>../../../addons/ofxKinectV2-master/libs/libfreenect2/src</string>
						<string>../../../addons/ofxKinectV2-master/libs/libfreenect2/src/shader</string>
						<string>../../../addons/ofxKinectV2-master/libs/libusb</string>
						<string>../../../addons/ofxKinectV2-master/libs/libusb/include</string>
						<string>../../../addons/ofxKinectV2-master/libs/libusb/include/libusb</string>
						<string>../../../addons/ofxKinectV2-master/libs/libusb/include/libusb/os</string>
						<string>../../../addons/ofxKinectV2-master/libs/libusb/lib</string>
						<string>../../../addons/ofxKinectV2-master/libs/libusb/lib/osx</string>
						<string>../../../addons/ofxKinectV2-master/libs/protonect</string>
						<string>../../../addons/ofxKinectV2-master/src</string>
					</array>
					<key>COMBINE_HIDPI_IMAGES</key>
					<string>YES</string>
					<key>COPY_PHASE_STRIP</key>
					<string>YES</string>
					<key>FRAMEWORK_SEARCH_PATHS</key>
					<array>
						<string>$(inherited)</string>
						<string>$(FRAMEWORK_SEARCH_PATHS_QUOTED_FOR_TARGET_1)</string>
						<string>/System/Library/Frameworks</string>
					</array>
					<key>FRAMEWORK_SEARCH_PATHS_QUOTED_FOR_TARGET_1</key>
					<string>"$(SRCROOT)/../../../libs/glut/lib/osx"</string>
					<key>GCC_GENERATE_DEBUGGING_SYMBOLS</key>
					<string>YES</string>
					<key>GCC_MODEL_TUNING</key>
					<string>NONE</string>
					<key>ICON</key>
					<string>$(ICON_NAME_RELEASE)</string>
					<key>ICON_FILE</key>
					<string>$(ICON_FILE_PATH)$(ICON)</string>
					<key>INFOPLIST_FILE</key>
					<string>openFrameworks-Info.plist</string>
					<key>INSTALL_PATH</key>
					<string>/Applications</string>
					<key>LIBRARY_SEARCH_PATHS</key>
					<string>$(inherited)</string>
					<key>PRODUCT_NAME</key>
					<string>$(TARGET_NAME)</string>
					<key>WRAPPER_EXTENSION</key>
					<string>app</string>
					<key>baseConfigurationReference</key>
					<string>E4EB6923138AFD0F00A09F29</string>
				</dict>
				<key>isa</key>
				<string>XCBuildConfiguration</string>
				<key>name</key>
				<string>Release</string>
			</dict>
			<key>E4B69E1C0A3A1BDC003C02F2</key>
			<dict>
				<key>children</key>
				<array>
					<string>E4B69E1D0A3A1BDC003C02F2</string>
					<string>E4B69E1E0A3A1BDC003C02F2</string>
					<string>E4B69E1F0A3A1BDC003C02F2</string>
					<string>82C7AF4D5BCBFA3B653AE791</string>
					<string>0482CF361B875A3A28169A3A</string>
				</array>
				<key>isa</key>
				<string>PBXGroup</string>
				<key>path</key>
				<string>src</string>
				<key>sourceTree</key>
				<string>SOURCE_ROOT</string>
			</dict>
			<key>E4B69E1D0A3A1BDC003C02F2</key>
			<dict>
				<key>fileEncoding</key>
				<string>30</string>
				<key>isa</key>
				<string>PBXFileReference</string>
				<key>lastKnownFileType</key>
				<string>sourcecode.cpp.cpp</string>
				<key>name</key>
				<string>main.cpp</string>
				<key>path</key>
				<string>src/main.cpp</string>
				<key>sourceTree</key>
				<string>SOURCE_ROOT</string>
			</dict>
			<key>E4B69E1E0A3A1BDC003C02F2</key>
			<dict>
				<key>explicitFileType</key>
				<string>sourcecode.cpp.cpp</string>
				<key>fileEncoding</key>
				<string>30</string>
				<key>isa</key>
				<string>PBXFileReference</string>
				<key>name</key>
				<string>ofApp.cpp</string>
				<key>path</key>
				<string>src/ofApp.cpp</string>
				<key>sourceTree</key>
				<string>SOURCE_ROOT</string>
			</dict>
			<key>E4B69E1F0A3A1BDC003C02F2</key>
			<dict>
				<key>fileEncoding</key>
				<string>30</string>
				<key>isa</key>
				<string>PBXFileReference</string>
				<key>lastKnownFileType</key>
				<string>sourcecode.c.h</string>
				<key>name</key>
				<string>ofApp.h</string>
				<key>path</key>
				<string>src/ofApp.h</string>
				<key>sourceTree</key>
				<string>SOURCE_ROOT</string>
			</dict>
			<key>E4B69E200A3A1BDC003C02F2</key>
			<dict>
				<key>fileRef</key>
				<string>E4B69E1D0A3A1BDC003C02F2</string>
				<key>isa</key>
				<string>PBXBuildFile</string>
			</dict>
			<key>E4B69E210A3A1BDC003C02F2</key>
			<dict>
				<key>fileRef</key>
				<string>E4B69E1E0A3A1BDC003C02F2</string>
				<key>isa</key>
				<string>PBXBuildFile</string>
			</dict>
			<key>E4B6FCAD0C3E899E008CF71C</key>
			<dict>
				<key>fileEncoding</key>
				<string>30</string>
				<key>isa</key>
				<string>PBXFileReference</string>
				<key>lastKnownFileType</key>
				<string>text.plist.xml</string>
				<key>path</key>
				<string>openFrameworks-Info.plist</string>
				<key>sourceTree</key>
				<string>&lt;group&gt;</string>
			</dict>
			<key>E4B6FFFD0C3F9AB9008CF71C</key>
			<dict>
				<key>buildActionMask</key>
				<string>2147483647</string>
				<key>files</key>
				<array />
				<key>inputPaths</key>
				<array />
				<key>isa</key>
				<string>PBXShellScriptBuildPhase</string>
				<key>outputPaths</key>
				<array />
				<key>runOnlyForDeploymentPostprocessing</key>
				<string>0</string>
				<key>shellPath</key>
				<string>/bin/sh</string>
				<key>shellScript</key>
				<string>mkdir -p "$TARGET_BUILD_DIR/$PRODUCT_NAME.app/Contents/Resources/"
# Copy default icon file into App/Resources
rsync -aved "$ICON_FILE" "$TARGET_BUILD_DIR/$PRODUCT_NAME.app/Contents/Resources/"
# Copy libfmod and change install directory for fmod to run
rsync -aved ../../../libs/fmodex/lib/osx/libfmodex.dylib "$TARGET_BUILD_DIR/$PRODUCT_NAME.app/Contents/Frameworks/";
install_name_tool -change @executable_path/libfmodex.dylib @executable_path/../Frameworks/libfmodex.dylib "$TARGET_BUILD_DIR/$PRODUCT_NAME.app/Contents/MacOS/$PRODUCT_NAME";
# Copy GLUT framework (must remove for AppStore submissions)
rsync -aved ../../../libs/glut/lib/osx/GLUT.framework "$TARGET_BUILD_DIR/$PRODUCT_NAME.app/Contents/Frameworks/"
</string>
			</dict>
			<key>E4C2427710CC5ABF004149E2</key>
			<dict>
				<key>buildActionMask</key>
				<string>2147483647</string>
				<key>dstPath</key>
				<string />
				<key>dstSubfolderSpec</key>
				<string>10</string>
				<key>files</key>
				<array />
				<key>isa</key>
				<string>PBXCopyFilesBuildPhase</string>
				<key>runOnlyForDeploymentPostprocessing</key>
				<string>0</string>
			</dict>
			<key>E4EB691F138AFCF100A09F29</key>
			<dict>
				<key>fileEncoding</key>
				<string>4</string>
				<key>isa</key>
				<string>PBXFileReference</string>
				<key>lastKnownFileType</key>
				<string>text.xcconfig</string>
				<key>name</key>
				<string>CoreOF.xcconfig</string>
				<key>path</key>
				<string>../../../libs/openFrameworksCompiled/project/osx/CoreOF.xcconfig</string>
				<key>sourceTree</key>
				<string>SOURCE_ROOT</string>
			</dict>
			<key>E4EB6923138AFD0F00A09F29</key>
			<dict>
				<key>fileEncoding</key>
				<string>4</string>
				<key>isa</key>
				<string>PBXFileReference</string>
				<key>lastKnownFileType</key>
				<string>text.xcconfig</string>
				<key>path</key>
				<string>Project.xcconfig</string>
				<key>sourceTree</key>
				<string>&lt;group&gt;</string>
			</dict>
			<key>E4EEB9AB138B136A00A80321</key>
			<dict>
				<key>containerPortal</key>
				<string>E4328143138ABC890047C5CB</string>
				<key>isa</key>
				<string>PBXContainerItemProxy</string>
				<key>proxyType</key>
				<string>1</string>
				<key>remoteGlobalIDString</key>
				<string>E4B27C1410CBEB8E00536013</string>
				<key>remoteInfo</key>
				<string>openFrameworks</string>
			</dict>
			<key>E4EEB9AC138B136A00A80321</key>
			<dict>
				<key>isa</key>
				<string>PBXTargetDependency</string>
				<key>name</key>
				<string>openFrameworks</string>
				<key>targetProxy</key>
				<string>E4EEB9AB138B136A00A80321</string>
			</dict>
			<key>E4EEC9E9138DF44700A80321</key>
			<dict>
				<key>children</key>
				<array>
					<string>E4EB691F138AFCF100A09F29</string>
					<string>E4328143138ABC890047C5CB</string>
				</array>
				<key>isa</key>
				<string>PBXGroup</string>
				<key>name</key>
				<string>openFrameworks</string>
				<key>sourceTree</key>
				<string>&lt;group&gt;</string>
			</dict>
		</dict>
		<key>rootObject</key>
		<string>E4B69B4C0A3A1720003C02F2</string>
	</dict>
</plist>
